{
  "name": "@liquid-labs/catalyst-core-model",
  "version": "1.0.0-prototype.0",
  "lockfileVersion": 1,
  "requires": true,
  "dependencies": {
    "@liquid-labs/cloud-sql-proxy": {
      "version": "1.0.0-alpha.0",
      "resolved": "https://registry.npmjs.org/@liquid-labs/cloud-sql-proxy/-/cloud-sql-proxy-1.0.0-alpha.0.tgz",
      "integrity": "sha512-VLb58nnDMn5W6nEu3XLBcE9Tn7Ea1EOqyO3nv2CTx6720ouYKxE998M6FQw2LSo3wZlMshYVPZXb+6vqk/SyWQ=="
    }
  }
}
